// !$*UTF8*$!
{
	archiveVersion = 1;
	classes = {
	};
	objectVersion = 77;
	objects = {

/* Begin PBXContainerItemProxy section */
		AA8BEE3C2DA24EEF000934B9 /* PBXContainerItemProxy */ = {
			isa = PBXContainerItemProxy;
			containerPortal = AA8BEE1D2DA24EEE000934B9 /* Project object */;
			proxyType = 1;
			remoteGlobalIDString = AA8BEE242DA24EEE000934B9;
			remoteInfo = poompai;
		};
		AA8BEE462DA24EEF000934B9 /* PBXContainerItemProxy */ = {
			isa = PBXContainerItemProxy;
			containerPortal = AA8BEE1D2DA24EEE000934B9 /* Project object */;
			proxyType = 1;
			remoteGlobalIDString = AA8BEE242DA24EEE000934B9;
			remoteInfo = poompai;
		};
/* End PBXContainerItemProxy section */

/* Begin PBXFileReference section */
		AA8BEE252DA24EEE000934B9 /* poompai.app */ = {isa = PBXFileReference; explicitFileType = wrapper.application; includeInIndex = 0; path = poompai.app; sourceTree = BUILT_PRODUCTS_DIR; };
		AA8BEE3B2DA24EEF000934B9 /* poompaiTests.xctest */ = {isa = PBXFileReference; explicitFileType = wrapper.cfbundle; includeInIndex = 0; path = poompaiTests.xctest; sourceTree = BUILT_PRODUCTS_DIR; };
		AA8BEE452DA24EEF000934B9 /* poompaiUITests.xctest */ = {isa = PBXFileReference; explicitFileType = wrapper.cfbundle; includeInIndex = 0; path = poompaiUITests.xctest; sourceTree = BUILT_PRODUCTS_DIR; };
/* End PBXFileReference section */

/* Begin PBXFileSystemSynchronizedBuildFileExceptionSet section */
		AA0A26632DD1F7C7003B3629 /* Exceptions for "poompaiUITests" folder in "poompai" target */ = {
			isa = PBXFileSystemSynchronizedBuildFileExceptionSet;
			membershipExceptions = (
				PaymentTableViewCell.swift,
			);
			target = AA8BEE242DA24EEE000934B9 /* poompai */;
		};
		AA0A26642DD1F7C7003B3629 /* Exceptions for "poompaiUITests" folder in "poompaiUITests" target */ = {
			isa = PBXFileSystemSynchronizedBuildFileExceptionSet;
			membershipExceptions = (
				PaymentTableViewCell.swift,
			);
			target = AA8BEE442DA24EEF000934B9 /* poompaiUITests */;
		};
		AA86AE732DBE8F03002F19AA /* Exceptions for "poompai" folder in "poompaiTests" target */ = {
			isa = PBXFileSystemSynchronizedBuildFileExceptionSet;
			membershipExceptions = (
				DB/DataModel.xcdatamodeld,
			);
			target = AA8BEE3A2DA24EEF000934B9 /* poompaiTests */;
		};
		AA86AE742DBE8F03002F19AA /* Exceptions for "poompai" folder in "poompaiUITests" target */ = {
			isa = PBXFileSystemSynchronizedBuildFileExceptionSet;
			membershipExceptions = (
				DB/DataModel.xcdatamodeld,
			);
			target = AA8BEE442DA24EEF000934B9 /* poompaiUITests */;
		};
		AA8BEE4D2DA24EEF000934B9 /* Exceptions for "poompai" folder in "poompai" target */ = {
			isa = PBXFileSystemSynchronizedBuildFileExceptionSet;
			membershipExceptions = (
				Info.plist,
			);
			target = AA8BEE242DA24EEE000934B9 /* poompai */;
		};
/* End PBXFileSystemSynchronizedBuildFileExceptionSet section */

/* Begin PBXFileSystemSynchronizedRootGroup section */
		AA8BEE272DA24EEE000934B9 /* poompai */ = {
			isa = PBXFileSystemSynchronizedRootGroup;
			exceptions = (
				AA8BEE4D2DA24EEF000934B9 /* Exceptions for "poompai" folder in "poompai" target */,
				AA86AE732DBE8F03002F19AA /* Exceptions for "poompai" folder in "poompaiTests" target */,
				AA86AE742DBE8F03002F19AA /* Exceptions for "poompai" folder in "poompaiUITests" target */,
			);
			path = poompai;
			sourceTree = "<group>";
		};
		AA8BEE3E2DA24EEF000934B9 /* poompaiTests */ = {
			isa = PBXFileSystemSynchronizedRootGroup;
			path = poompaiTests;
			sourceTree = "<group>";
		};
		AA8BEE482DA24EEF000934B9 /* poompaiUITests */ = {
			isa = PBXFileSystemSynchronizedRootGroup;
			exceptions = (
				AA0A26632DD1F7C7003B3629 /* Exceptions for "poompaiUITests" folder in "poompai" target */,
				AA0A26642DD1F7C7003B3629 /* Exceptions for "poompaiUITests" folder in "poompaiUITests" target */,
			);
			path = poompaiUITests;
			sourceTree = "<group>";
		};
/* End PBXFileSystemSynchronizedRootGroup section */

/* Begin PBXFrameworksBuildPhase section */
		AA8BEE222DA24EEE000934B9 /* Frameworks */ = {
			isa = PBXFrameworksBuildPhase;
			buildActionMask = 2147483647;
			files = (
			);
			runOnlyForDeploymentPostprocessing = 0;
		};
		AA8BEE382DA24EEF000934B9 /* Frameworks */ = {
			isa = PBXFrameworksBuildPhase;
			buildActionMask = 2147483647;
			files = (
			);
			runOnlyForDeploymentPostprocessing = 0;
		};
		AA8BEE422DA24EEF000934B9 /* Frameworks */ = {
			isa = PBXFrameworksBuildPhase;
			buildActionMask = 2147483647;
			files = (
			);
			runOnlyForDeploymentPostprocessing = 0;
		};
/* End PBXFrameworksBuildPhase section */

/* Begin PBXGroup section */
		AA8BEE1C2DA24EEE000934B9 = {
			isa = PBXGroup;
			children = (
				AA8BEE272DA24EEE000934B9 /* poompai */,
				AA8BEE3E2DA24EEF000934B9 /* poompaiTests */,
				AA8BEE482DA24EEF000934B9 /* poompaiUITests */,
				AA8BEE262DA24EEE000934B9 /* Products */,
			);
			sourceTree = "<group>";
		};
		AA8BEE262DA24EEE000934B9 /* Products */ = {
			isa = PBXGroup;
			children = (
				AA8BEE252DA24EEE000934B9 /* poompai.app */,
				AA8BEE3B2DA24EEF000934B9 /* poompaiTests.xctest */,
				AA8BEE452DA24EEF000934B9 /* poompaiUITests.xctest */,
			);
			name = Products;
			sourceTree = "<group>";
		};
/* End PBXGroup section */

/* Begin PBXNativeTarget section */
		AA8BEE242DA24EEE000934B9 /* poompai */ = {
			isa = PBXNativeTarget;
			buildConfigurationList = AA8BEE4E2DA24EEF000934B9 /* Build configuration list for PBXNativeTarget "poompai" */;
			buildPhases = (
				AA8BEE212DA24EEE000934B9 /* Sources */,
				AA8BEE222DA24EEE000934B9 /* Frameworks */,
				AA8BEE232DA24EEE000934B9 /* Resources */,
			);
			buildRules = (
			);
			dependencies = (
			);
			fileSystemSynchronizedGroups = (
				AA8BEE272DA24EEE000934B9 /* poompai */,
			);
			name = poompai;
			packageProductDependencies = (
			);
			productName = poompai;
			productReference = AA8BEE252DA24EEE000934B9 /* poompai.app */;
			productType = "com.apple.product-type.application";
		};
		AA8BEE3A2DA24EEF000934B9 /* poompaiTests */ = {
			isa = PBXNativeTarget;
			buildConfigurationList = AA8BEE532DA24EEF000934B9 /* Build configuration list for PBXNativeTarget "poompaiTests" */;
			buildPhases = (
				AA8BEE372DA24EEF000934B9 /* Sources */,
				AA8BEE382DA24EEF000934B9 /* Frameworks */,
				AA8BEE392DA24EEF000934B9 /* Resources */,
			);
			buildRules = (
			);
			dependencies = (
				AA8BEE3D2DA24EEF000934B9 /* PBXTargetDependency */,
			);
			fileSystemSynchronizedGroups = (
				AA8BEE3E2DA24EEF000934B9 /* poompaiTests */,
			);
			name = poompaiTests;
			packageProductDependencies = (
			);
			productName = poompaiTests;
			productReference = AA8BEE3B2DA24EEF000934B9 /* poompaiTests.xctest */;
			productType = "com.apple.product-type.bundle.unit-test";
		};
		AA8BEE442DA24EEF000934B9 /* poompaiUITests */ = {
			isa = PBXNativeTarget;
			buildConfigurationList = AA8BEE562DA24EEF000934B9 /* Build configuration list for PBXNativeTarget "poompaiUITests" */;
			buildPhases = (
				AA8BEE412DA24EEF000934B9 /* Sources */,
				AA8BEE422DA24EEF000934B9 /* Frameworks */,
				AA8BEE432DA24EEF000934B9 /* Resources */,
			);
			buildRules = (
			);
			dependencies = (
				AA8BEE472DA24EEF000934B9 /* PBXTargetDependency */,
			);
			fileSystemSynchronizedGroups = (
				AA8BEE482DA24EEF000934B9 /* poompaiUITests */,
			);
			name = poompaiUITests;
			packageProductDependencies = (
			);
			productName = poompaiUITests;
			productReference = AA8BEE452DA24EEF000934B9 /* poompaiUITests.xctest */;
			productType = "com.apple.product-type.bundle.ui-testing";
		};
/* End PBXNativeTarget section */

/* Begin PBXProject section */
		AA8BEE1D2DA24EEE000934B9 /* Project object */ = {
			isa = PBXProject;
			attributes = {
				BuildIndependentTargetsInParallel = 1;
				LastSwiftUpdateCheck = 1600;
				LastUpgradeCheck = 1600;
				TargetAttributes = {
					AA8BEE242DA24EEE000934B9 = {
						CreatedOnToolsVersion = 16.0;
					};
					AA8BEE3A2DA24EEF000934B9 = {
						CreatedOnToolsVersion = 16.0;
						TestTargetID = AA8BEE242DA24EEE000934B9;
					};
					AA8BEE442DA24EEF000934B9 = {
						CreatedOnToolsVersion = 16.0;
						TestTargetID = AA8BEE242DA24EEE000934B9;
					};
				};
			};
			buildConfigurationList = AA8BEE202DA24EEE000934B9 /* Build configuration list for PBXProject "poompai" */;
			developmentRegion = en;
			hasScannedForEncodings = 0;
			knownRegions = (
				en,
				Base,
			);
			mainGroup = AA8BEE1C2DA24EEE000934B9;
			minimizedProjectReferenceProxies = 1;
			preferredProjectObjectVersion = 77;
			productRefGroup = AA8BEE262DA24EEE000934B9 /* Products */;
			projectDirPath = "";
			projectRoot = "";
			targets = (
				AA8BEE242DA24EEE000934B9 /* poompai */,
				AA8BEE3A2DA24EEF000934B9 /* poompaiTests */,
				AA8BEE442DA24EEF000934B9 /* poompaiUITests */,
			);
		};
/* End PBXProject section */

/* Begin PBXResourcesBuildPhase section */
		AA8BEE232DA24EEE000934B9 /* Resources */ = {
			isa = PBXResourcesBuildPhase;
			buildActionMask = 2147483647;
			files = (
			);
			runOnlyForDeploymentPostprocessing = 0;
		};
		AA8BEE392DA24EEF000934B9 /* Resources */ = {
			isa = PBXResourcesBuildPhase;
			buildActionMask = 2147483647;
			files = (
			);
			runOnlyForDeploymentPostprocessing = 0;
		};
		AA8BEE432DA24EEF000934B9 /* Resources */ = {
			isa = PBXResourcesBuildPhase;
			buildActionMask = 2147483647;
			files = (
			);
			runOnlyForDeploymentPostprocessing = 0;
		};
/* End PBXResourcesBuildPhase section */

/* Begin PBXSourcesBuildPhase section */
		AA8BEE212DA24EEE000934B9 /* Sources */ = {
			isa = PBXSourcesBuildPhase;
			buildActionMask = 2147483647;
			files = (
			);
			runOnlyForDeploymentPostprocessing = 0;
		};
		AA8BEE372DA24EEF000934B9 /* Sources */ = {
			isa = PBXSourcesBuildPhase;
			buildActionMask = 2147483647;
			files = (
			);
			runOnlyForDeploymentPostprocessing = 0;
		};
		AA8BEE412DA24EEF000934B9 /* Sources */ = {
			isa = PBXSourcesBuildPhase;
			buildActionMask = 2147483647;
			files = (
			);
			runOnlyForDeploymentPostprocessing = 0;
		};
/* End PBXSourcesBuildPhase section */

/* Begin PBXTargetDependency section */
		AA8BEE3D2DA24EEF000934B9 /* PBXTargetDependency */ = {
			isa = PBXTargetDependency;
			target = AA8BEE242DA24EEE000934B9 /* poompai */;
			targetProxy = AA8BEE3C2DA24EEF000934B9 /* PBXContainerItemProxy */;
		};
		AA8BEE472DA24EEF000934B9 /* PBXTargetDependency */ = {
			isa = PBXTargetDependency;
			target = AA8BEE242DA24EEE000934B9 /* poompai */;
			targetProxy = AA8BEE462DA24EEF000934B9 /* PBXContainerItemProxy */;
		};
/* End PBXTargetDependency section */

/* Begin XCBuildConfiguration section */
		AA8BEE4F2DA24EEF000934B9 /* Debug */ = {
			isa = XCBuildConfiguration;
			buildSettings = {
				ASSETCATALOG_COMPILER_APPICON_NAME = AppIcon;
				ASSETCATALOG_COMPILER_GLOBAL_ACCENT_COLOR_NAME = AccentColor;
				CODE_SIGN_STYLE = Automatic;
				CURRENT_PROJECT_VERSION = 1;
				DEVELOPMENT_TEAM = QAZNZUMWWZ;
				GENERATE_INFOPLIST_FILE = YES;
				INFOPLIST_FILE = poompai/Info.plist;
				INFOPLIST_KEY_UIApplicationSupportsIndirectInputEvents = YES;
				INFOPLIST_KEY_UILaunchStoryboardName = LaunchScreen;
				INFOPLIST_KEY_UISupportedInterfaceOrientations_iPad = "UIInterfaceOrientationPortrait UIInterfaceOrientationPortraitUpsideDown UIInterfaceOrientationLandscapeLeft UIInterfaceOrientationLandscapeRight";
				INFOPLIST_KEY_UISupportedInterfaceOrientations_iPhone = "UIInterfaceOrientationPortrait UIInterfaceOrientationLandscapeLeft UIInterfaceOrientationLandscapeRight";
				LD_RUNPATH_SEARCH_PATHS = (
					"$(inherited)",
					"@executable_path/Frameworks",
				);
				MARKETING_VERSION = 1.0;
				PRODUCT_BUNDLE_IDENTIFIER = kh.poompai;
				PRODUCT_NAME = "$(TARGET_NAME)";
				SWIFT_EMIT_LOC_STRINGS = YES;
				SWIFT_VERSION = 5.0;
				TARGETED_DEVICE_FAMILY = "1,2";
			};
			name = Debug;
		};
		AA8BEE502DA24EEF000934B9 /* Release */ = {
			isa = XCBuildConfiguration;
			buildSettings = {
				ASSETCATALOG_COMPILER_APPICON_NAME = AppIcon;
				ASSETCATALOG_COMPILER_GLOBAL_ACCENT_COLOR_NAME = AccentColor;
				CODE_SIGN_STYLE = Automatic;
				CURRENT_PROJECT_VERSION = 1;
				DEVELOPMENT_TEAM = QAZNZUMWWZ;
				GENERATE_INFOPLIST_FILE = YES;
				INFOPLIST_FILE = poompai/Info.plist;
				INFOPLIST_KEY_UIApplicationSupportsIndirectInputEvents = YES;
				INFOPLIST_KEY_UILaunchStoryboardName = LaunchScreen;
				INFOPLIST_KEY_UISupportedInterfaceOrientations_iPad = "UIInterfaceOrientationPortrait UIInterfaceOrientationPortraitUpsideDown UIInterfaceOrientationLandscapeLeft UIInterfaceOrientationLandscapeRight";
				INFOPLIST_KEY_UISupportedInterfaceOrientations_iPhone = "UIInterfaceOrientationPortrait UIInterfaceOrientationLandscapeLeft UIInterfaceOrientationLandscapeRight";
				LD_RUNPATH_SEARCH_PATHS = (
					"$(inherited)",
					"@executable_path/Frameworks",
				);
				MARKETING_VERSION = 1.0;
				PRODUCT_BUNDLE_IDENTIFIER = kh.poompai;
				PRODUCT_NAME = "$(TARGET_NAME)";
				SWIFT_EMIT_LOC_STRINGS = YES;
				SWIFT_VERSION = 5.0;
				TARGETED_DEVICE_FAMILY = "1,2";
			};
			name = Release;
		};
		AA8BEE512DA24EEF000934B9 /* Debug */ = {
			isa = XCBuildConfiguration;
			buildSettings = {
				ALWAYS_SEARCH_USER_PATHS = NO;
				ASSETCATALOG_COMPILER_GENERATE_SWIFT_ASSET_SYMBOL_EXTENSIONS = YES;
				CLANG_ANALYZER_NONNULL = YES;
				CLANG_ANALYZER_NUMBER_OBJECT_CONVERSION = YES_AGGRESSIVE;
				CLANG_CXX_LANGUAGE_STANDARD = "gnu++20";
				CLANG_ENABLE_MODULES = YES;
				CLANG_ENABLE_OBJC_ARC = YES;
				CLANG_ENABLE_OBJC_WEAK = YES;
				CLANG_WARN_BLOCK_CAPTURE_AUTORELEASING = YES;
				CLANG_WARN_BOOL_CONVERSION = YES;
				CLANG_WARN_COMMA = YES;
				CLANG_WARN_CONSTANT_CONVERSION = YES;
				CLANG_WARN_DEPRECATED_OBJC_IMPLEMENTATIONS = YES;
				CLANG_WARN_DIRECT_OBJC_ISA_USAGE = YES_ERROR;
				CLANG_WARN_DOCUMENTATION_COMMENTS = YES;
				CLANG_WARN_EMPTY_BODY = YES;
				CLANG_WARN_ENUM_CONVERSION = YES;
				CLANG_WARN_INFINITE_RECURSION = YES;
				CLANG_WARN_INT_CONVERSION = YES;
				CLANG_WARN_NON_LITERAL_NULL_CONVERSION = YES;
				CLANG_WARN_OBJC_IMPLICIT_RETAIN_SELF = YES;
				CLANG_WARN_OBJC_LITERAL_CONVERSION = YES;
				CLANG_WARN_OBJC_ROOT_CLASS = YES_ERROR;
				CLANG_WARN_QUOTED_INCLUDE_IN_FRAMEWORK_HEADER = YES;
				CLANG_WARN_RANGE_LOOP_ANALYSIS = YES;
				CLANG_WARN_STRICT_PROTOTYPES = YES;
				CLANG_WARN_SUSPICIOUS_MOVE = YES;
				CLANG_WARN_UNGUARDED_AVAILABILITY = YES_AGGRESSIVE;
				CLANG_WARN_UNREACHABLE_CODE = YES;
				CLANG_WARN__DUPLICATE_METHOD_MATCH = YES;
				COPY_PHASE_STRIP = NO;
				DEBUG_INFORMATION_FORMAT = dwarf;
				ENABLE_STRICT_OBJC_MSGSEND = YES;
				ENABLE_TESTABILITY = YES;
				ENABLE_USER_SCRIPT_SANDBOXING = YES;
				GCC_C_LANGUAGE_STANDARD = gnu17;
				GCC_DYNAMIC_NO_PIC = NO;
				GCC_NO_COMMON_BLOCKS = YES;
				GCC_OPTIMIZATION_LEVEL = 0;
				GCC_PREPROCESSOR_DEFINITIONS = (
					"DEBUG=1",
					"$(inherited)",
				);
				GCC_WARN_64_TO_32_BIT_CONVERSION = YES;
				GCC_WARN_ABOUT_RETURN_TYPE = YES_ERROR;
				GCC_WARN_UNDECLARED_SELECTOR = YES;
				GCC_WARN_UNINITIALIZED_AUTOS = YES_AGGRESSIVE;
				GCC_WARN_UNUSED_FUNCTION = YES;
				GCC_WARN_UNUSED_VARIABLE = YES;
				IPHONEOS_DEPLOYMENT_TARGET = 18.0;
				LOCALIZATION_PREFERS_STRING_CATALOGS = YES;
				MTL_ENABLE_DEBUG_INFO = INCLUDE_SOURCE;
				MTL_FAST_MATH = YES;
				ONLY_ACTIVE_ARCH = YES;
				SDKROOT = iphoneos;
				SWIFT_ACTIVE_COMPILATION_CONDITIONS = "DEBUG $(inherited)";
				SWIFT_OPTIMIZATION_LEVEL = "-Onone";
			};
			name = Debug;
		};
		AA8BEE522DA24EEF000934B9 /* Release */ = {
			isa = XCBuildConfiguration;
			buildSettings = {
				ALWAYS_SEARCH_USER_PATHS = NO;
				ASSETCATALOG_COMPILER_GENERATE_SWIFT_ASSET_SYMBOL_EXTENSIONS = YES;
				CLANG_ANALYZER_NONNULL = YES;
				CLANG_ANALYZER_NUMBER_OBJECT_CONVERSION = YES_AGGRESSIVE;
				CLANG_CXX_LANGUAGE_STANDARD = "gnu++20";
				CLANG_ENABLE_MODULES = YES;
				CLANG_ENABLE_OBJC_ARC = YES;
				CLANG_ENABLE_OBJC_WEAK = YES;
				CLANG_WARN_BLOCK_CAPTURE_AUTORELEASING = YES;
				CLANG_WARN_BOOL_CONVERSION = YES;
				CLANG_WARN_COMMA = YES;
				CLANG_WARN_CONSTANT_CONVERSION = YES;
				CLANG_WARN_DEPRECATED_OBJC_IMPLEMENTATIONS = YES;
				CLANG_WARN_DIRECT_OBJC_ISA_USAGE = YES_ERROR;
				CLANG_WARN_DOCUMENTATION_COMMENTS = YES;
				CLANG_WARN_EMPTY_BODY = YES;
				CLANG_WARN_ENUM_CONVERSION = YES;
				CLANG_WARN_INFINITE_RECURSION = YES;
				CLANG_WARN_INT_CONVERSION = YES;
				CLANG_WARN_NON_LITERAL_NULL_CONVERSION = YES;
				CLANG_WARN_OBJC_IMPLICIT_RETAIN_SELF = YES;
				CLANG_WARN_OBJC_LITERAL_CONVERSION = YES;
				CLANG_WARN_OBJC_ROOT_CLASS = YES_ERROR;
				CLANG_WARN_QUOTED_INCLUDE_IN_FRAMEWORK_HEADER = YES;
				CLANG_WARN_RANGE_LOOP_ANALYSIS = YES;
				CLANG_WARN_STRICT_PROTOTYPES = YES;
				CLANG_WARN_SUSPICIOUS_MOVE = YES;
				CLANG_WARN_UNGUARDED_AVAILABILITY = YES_AGGRESSIVE;
				CLANG_WARN_UNREACHABLE_CODE = YES;
				CLANG_WARN__DUPLICATE_METHOD_MATCH = YES;
				COPY_PHASE_STRIP = NO;
				DEBUG_INFORMATION_FORMAT = "dwarf-with-dsym";
				ENABLE_NS_ASSERTIONS = NO;
				ENABLE_STRICT_OBJC_MSGSEND = YES;
				ENABLE_USER_SCRIPT_SANDBOXING = YES;
				GCC_C_LANGUAGE_STANDARD = gnu17;
				GCC_NO_COMMON_BLOCKS = YES;
				GCC_WARN_64_TO_32_BIT_CONVERSION = YES;
				GCC_WARN_ABOUT_RETURN_TYPE = YES_ERROR;
				GCC_WARN_UNDECLARED_SELECTOR = YES;
				GCC_WARN_UNINITIALIZED_AUTOS = YES_AGGRESSIVE;
				GCC_WARN_UNUSED_FUNCTION = YES;
				GCC_WARN_UNUSED_VARIABLE = YES;
				IPHONEOS_DEPLOYMENT_TARGET = 18.0;
				LOCALIZATION_PREFERS_STRING_CATALOGS = YES;
				MTL_ENABLE_DEBUG_INFO = NO;
				MTL_FAST_MATH = YES;
				SDKROOT = iphoneos;
				SWIFT_COMPILATION_MODE = wholemodule;
				VALIDATE_PRODUCT = YES;
			};
			name = Release;
		};
		AA8BEE542DA24EEF000934B9 /* Debug */ = {
			isa = XCBuildConfiguration;
			buildSettings = {
				BUNDLE_LOADER = "$(TEST_HOST)";
				CODE_SIGN_STYLE = Automatic;
				CURRENT_PROJECT_VERSION = 1;
				DEVELOPMENT_TEAM = QAZNZUMWWZ;
				GENERATE_INFOPLIST_FILE = YES;
				IPHONEOS_DEPLOYMENT_TARGET = 18.0;
				MARKETING_VERSION = 1.0;
				PRODUCT_BUNDLE_IDENTIFIER = kh.poompaiTests;
				PRODUCT_NAME = "$(TARGET_NAME)";
				SWIFT_EMIT_LOC_STRINGS = NO;
				SWIFT_VERSION = 5.0;
				TARGETED_DEVICE_FAMILY = "1,2";
				TEST_HOST = "$(BUILT_PRODUCTS_DIR)/poompai.app/$(BUNDLE_EXECUTABLE_FOLDER_PATH)/poompai";
			};
			name = Debug;
		};
		AA8BEE552DA24EEF000934B9 /* Release */ = {
			isa = XCBuildConfiguration;
			buildSettings = {
				BUNDLE_LOADER = "$(TEST_HOST)";
				CODE_SIGN_STYLE = Automatic;
				CURRENT_PROJECT_VERSION = 1;
				DEVELOPMENT_TEAM = QAZNZUMWWZ;
				GENERATE_INFOPLIST_FILE = YES;
				IPHONEOS_DEPLOYMENT_TARGET = 18.0;
				MARKETING_VERSION = 1.0;
				PRODUCT_BUNDLE_IDENTIFIER = kh.poompaiTests;
				PRODUCT_NAME = "$(TARGET_NAME)";
				SWIFT_EMIT_LOC_STRINGS = NO;
				SWIFT_VERSION = 5.0;
				TARGETED_DEVICE_FAMILY = "1,2";
				TEST_HOST = "$(BUILT_PRODUCTS_DIR)/poompai.app/$(BUNDLE_EXECUTABLE_FOLDER_PATH)/poompai";
			};
			name = Release;
		};
		AA8BEE572DA24EEF000934B9 /* Debug */ = {
			isa = XCBuildConfiguration;
			buildSettings = {
				CODE_SIGN_STYLE = Automatic;
				CURRENT_PROJECT_VERSION = 1;
				DEVELOPMENT_TEAM = QAZNZUMWWZ;
				GENERATE_INFOPLIST_FILE = YES;
				MARKETING_VERSION = 1.0;
				PRODUCT_BUNDLE_IDENTIFIER = kh.poompaiUITests;
				PRODUCT_NAME = "$(TARGET_NAME)";
				SWIFT_EMIT_LOC_STRINGS = NO;
				SWIFT_VERSION = 5.0;
				TARGETED_DEVICE_FAMILY = "1,2";
				TEST_TARGET_NAME = poompai;
			};
			name = Debug;
		};
		AA8BEE582DA24EEF000934B9 /* Release */ = {
			isa = XCBuildConfiguration;
			buildSettings = {
				CODE_SIGN_STYLE = Automatic;
				CURRENT_PROJECT_VERSION = 1;
				DEVELOPMENT_TEAM = QAZNZUMWWZ;
				GENERATE_INFOPLIST_FILE = YES;
				MARKETING_VERSION = 1.0;
				PRODUCT_BUNDLE_IDENTIFIER = kh.poompaiUITests;
				PRODUCT_NAME = "$(TARGET_NAME)";
				SWIFT_EMIT_LOC_STRINGS = NO;
				SWIFT_VERSION = 5.0;
				TARGETED_DEVICE_FAMILY = "1,2";
				TEST_TARGET_NAME = poompai;
			};
			name = Release;
		};
/* End XCBuildConfiguration section */

/* Begin XCConfigurationList section */
		AA8BEE202DA24EEE000934B9 /* Build configuration list for PBXProject "poompai" */ = {
			isa = XCConfigurationList;
			buildConfigurations = (
				AA8BEE512DA24EEF000934B9 /* Debug */,
				AA8BEE522DA24EEF000934B9 /* Release */,
			);
			defaultConfigurationIsVisible = 0;
			defaultConfigurationName = Release;
		};
		AA8BEE4E2DA24EEF000934B9 /* Build configuration list for PBXNativeTarget "poompai" */ = {
			isa = XCConfigurationList;
			buildConfigurations = (
				AA8BEE4F2DA24EEF000934B9 /* Debug */,
				AA8BEE502DA24EEF000934B9 /* Release */,
			);
			defaultConfigurationIsVisible = 0;
			defaultConfigurationName = Release;
		};
		AA8BEE532DA24EEF000934B9 /* Build configuration list for PBXNativeTarget "poompaiTests" */ = {
			isa = XCConfigurationList;
			buildConfigurations = (
				AA8BEE542DA24EEF000934B9 /* Debug */,
				AA8BEE552DA24EEF000934B9 /* Release */,
			);
			defaultConfigurationIsVisible = 0;
			defaultConfigurationName = Release;
		};
		AA8BEE562DA24EEF000934B9 /* Build configuration list for PBXNativeTarget "poompaiUITests" */ = {
			isa = XCConfigurationList;
			buildConfigurations = (
				AA8BEE572DA24EEF000934B9 /* Debug */,
				AA8BEE582DA24EEF000934B9 /* Release */,
			);
			defaultConfigurationIsVisible = 0;
			defaultConfigurationName = Release;
		};
/* End XCConfigurationList section */
	};
	rootObject = AA8BEE1D2DA24EEE000934B9 /* Project object */;
}
